// !$*UTF8*$!
{
	archiveVersion = 1;
	classes = {
	};
	objectVersion = 55;
	objects = {

/* Begin PBXBuildFile section */
		470A94992BAB24C300B2739E /* AppDelegate.swift in Sources */ = {isa = PBXBuildFile; fileRef = 470A94982BAB24C300B2739E /* AppDelegate.swift */; };
		470A949B2BAB24C300B2739E /* SceneDelegate.swift in Sources */ = {isa = PBXBuildFile; fileRef = 470A949A2BAB24C300B2739E /* SceneDelegate.swift */; };
		470A949D2BAB24C300B2739E /* Anasayfa.swift in Sources */ = {isa = PBXBuildFile; fileRef = 470A949C2BAB24C300B2739E /* Anasayfa.swift */; };
		470A94A02BAB24C300B2739E /* Main.storyboard in Resources */ = {isa = PBXBuildFile; fileRef = 470A949E2BAB24C300B2739E /* Main.storyboard */; };
		470A94A22BAB24D000B2739E /* Assets.xcassets in Resources */ = {isa = PBXBuildFile; fileRef = 470A94A12BAB24D000B2739E /* Assets.xcassets */; };
		470A94A52BAB24D000B2739E /* LaunchScreen.storyboard in Resources */ = {isa = PBXBuildFile; fileRef = 470A94A32BAB24D000B2739E /* LaunchScreen.storyboard */; };
		470A94B12BAB25D200B2739E /* KisiKayit.swift in Sources */ = {isa = PBXBuildFile; fileRef = 470A94B02BAB25D200B2739E /* KisiKayit.swift */; };
		470A94B32BAB25E600B2739E /* KisiDetay.swift in Sources */ = {isa = PBXBuildFile; fileRef = 470A94B22BAB25E600B2739E /* KisiDetay.swift */; };
		475687AE2BBC802C0026630E /* CRUDCevap.swift in Sources */ = {isa = PBXBuildFile; fileRef = 475687AD2BBC802C0026630E /* CRUDCevap.swift */; };
		475687B02BBC80F80026630E /* KisilerCevap.swift in Sources */ = {isa = PBXBuildFile; fileRef = 475687AF2BBC80F80026630E /* KisilerCevap.swift */; };
		476B27582BAF1E4E00E5A5A2 /* KisilerDaoRepository.swift in Sources */ = {isa = PBXBuildFile; fileRef = 476B27572BAF1E4E00E5A5A2 /* KisilerDaoRepository.swift */; };
		476B275B2BAF1E9700E5A5A2 /* AnasayfaViewModel.swift in Sources */ = {isa = PBXBuildFile; fileRef = 476B275A2BAF1E9700E5A5A2 /* AnasayfaViewModel.swift */; };
		476B275D2BAF1EC700E5A5A2 /* KisiKayitViewModel.swift in Sources */ = {isa = PBXBuildFile; fileRef = 476B275C2BAF1EC700E5A5A2 /* KisiKayitViewModel.swift */; };
		476B275F2BAF1EE400E5A5A2 /* KisiDetayViewModel.swift in Sources */ = {isa = PBXBuildFile; fileRef = 476B275E2BAF1EE400E5A5A2 /* KisiDetayViewModel.swift */; };
		4798FAC22BAB27F800DA6603 /* Kisiler.swift in Sources */ = {isa = PBXBuildFile; fileRef = 4798FAC12BAB27F800DA6603 /* Kisiler.swift */; };
		4798FAC52BAB526400DA6603 /* KisilerHucre.swift in Sources */ = {isa = PBXBuildFile; fileRef = 4798FAC42BAB526400DA6603 /* KisilerHucre.swift */; };
		ED1CBD1052BEEDC864B0F083 /* Pods_KisilerUygulamasi.framework in Frameworks */ = {isa = PBXBuildFile; fileRef = FE4145716B458D473020F48E /* Pods_KisilerUygulamasi.framework */; };
/* End PBXBuildFile section */

/* Begin PBXFileReference section */
		470A94952BAB24C300B2739E /* KisilerUygulamasi.app */ = {isa = PBXFileReference; explicitFileType = wrapper.application; includeInIndex = 0; path = KisilerUygulamasi.app; sourceTree = BUILT_PRODUCTS_DIR; };
		470A94982BAB24C300B2739E /* AppDelegate.swift */ = {isa = PBXFileReference; lastKnownFileType = sourcecode.swift; path = AppDelegate.swift; sourceTree = "<group>"; };
		470A949A2BAB24C300B2739E /* SceneDelegate.swift */ = {isa = PBXFileReference; lastKnownFileType = sourcecode.swift; path = SceneDelegate.swift; sourceTree = "<group>"; };
		470A949C2BAB24C300B2739E /* Anasayfa.swift */ = {isa = PBXFileReference; lastKnownFileType = sourcecode.swift; path = Anasayfa.swift; sourceTree = "<group>"; };
		470A949F2BAB24C300B2739E /* Base */ = {isa = PBXFileReference; lastKnownFileType = file.storyboard; name = Base; path = Base.lproj/Main.storyboard; sourceTree = "<group>"; };
		470A94A12BAB24D000B2739E /* Assets.xcassets */ = {isa = PBXFileReference; lastKnownFileType = folder.assetcatalog; path = Assets.xcassets; sourceTree = "<group>"; };
		470A94A42BAB24D000B2739E /* Base */ = {isa = PBXFileReference; lastKnownFileType = file.storyboard; name = Base; path = Base.lproj/LaunchScreen.storyboard; sourceTree = "<group>"; };
		470A94A62BAB24D000B2739E /* Info.plist */ = {isa = PBXFileReference; lastKnownFileType = text.plist.xml; path = Info.plist; sourceTree = "<group>"; };
		470A94B02BAB25D200B2739E /* KisiKayit.swift */ = {isa = PBXFileReference; lastKnownFileType = sourcecode.swift; path = KisiKayit.swift; sourceTree = "<group>"; };
		470A94B22BAB25E600B2739E /* KisiDetay.swift */ = {isa = PBXFileReference; lastKnownFileType = sourcecode.swift; path = KisiDetay.swift; sourceTree = "<group>"; };
		4714572A2BBC583800959509 /* KisilerUygulamasi-Bridging-Header.h */ = {isa = PBXFileReference; lastKnownFileType = sourcecode.c.h; path = "KisilerUygulamasi-Bridging-Header.h"; sourceTree = "<group>"; };
		475687AD2BBC802C0026630E /* CRUDCevap.swift */ = {isa = PBXFileReference; lastKnownFileType = sourcecode.swift; path = CRUDCevap.swift; sourceTree = "<group>"; };
		475687AF2BBC80F80026630E /* KisilerCevap.swift */ = {isa = PBXFileReference; lastKnownFileType = sourcecode.swift; path = KisilerCevap.swift; sourceTree = "<group>"; };
		476B27572BAF1E4E00E5A5A2 /* KisilerDaoRepository.swift */ = {isa = PBXFileReference; lastKnownFileType = sourcecode.swift; path = KisilerDaoRepository.swift; sourceTree = "<group>"; };
		476B275A2BAF1E9700E5A5A2 /* AnasayfaViewModel.swift */ = {isa = PBXFileReference; lastKnownFileType = sourcecode.swift; path = AnasayfaViewModel.swift; sourceTree = "<group>"; };
		476B275C2BAF1EC700E5A5A2 /* KisiKayitViewModel.swift */ = {isa = PBXFileReference; lastKnownFileType = sourcecode.swift; path = KisiKayitViewModel.swift; sourceTree = "<group>"; };
		476B275E2BAF1EE400E5A5A2 /* KisiDetayViewModel.swift */ = {isa = PBXFileReference; lastKnownFileType = sourcecode.swift; path = KisiDetayViewModel.swift; sourceTree = "<group>"; };
		4798FAC12BAB27F800DA6603 /* Kisiler.swift */ = {isa = PBXFileReference; lastKnownFileType = sourcecode.swift; path = Kisiler.swift; sourceTree = "<group>"; };
		4798FAC42BAB526400DA6603 /* KisilerHucre.swift */ = {isa = PBXFileReference; lastKnownFileType = sourcecode.swift; path = KisilerHucre.swift; sourceTree = "<group>"; };
		60D14561E0BE29E6D0A8326F /* Pods-KisilerUygulamasi.release.xcconfig */ = {isa = PBXFileReference; includeInIndex = 1; lastKnownFileType = text.xcconfig; name = "Pods-KisilerUygulamasi.release.xcconfig"; path = "Target Support Files/Pods-KisilerUygulamasi/Pods-KisilerUygulamasi.release.xcconfig"; sourceTree = "<group>"; };
		C71CEEDE4E58B8372FD5CB3D /* Pods-KisilerUygulamasi.debug.xcconfig */ = {isa = PBXFileReference; includeInIndex = 1; lastKnownFileType = text.xcconfig; name = "Pods-KisilerUygulamasi.debug.xcconfig"; path = "Target Support Files/Pods-KisilerUygulamasi/Pods-KisilerUygulamasi.debug.xcconfig"; sourceTree = "<group>"; };
		FE4145716B458D473020F48E /* Pods_KisilerUygulamasi.framework */ = {isa = PBXFileReference; explicitFileType = wrapper.framework; includeInIndex = 0; path = Pods_KisilerUygulamasi.framework; sourceTree = BUILT_PRODUCTS_DIR; };
/* End PBXFileReference section */

/* Begin PBXFrameworksBuildPhase section */
		470A94922BAB24C300B2739E /* Frameworks */ = {
			isa = PBXFrameworksBuildPhase;
			buildActionMask = 2147483647;
			files = (
				ED1CBD1052BEEDC864B0F083 /* Pods_KisilerUygulamasi.framework in Frameworks */,
			);
			runOnlyForDeploymentPostprocessing = 0;
		};
/* End PBXFrameworksBuildPhase section */

/* Begin PBXGroup section */
		04954928FA25A799A4CFA853 /* Pods */ = {
			isa = PBXGroup;
			children = (
				C71CEEDE4E58B8372FD5CB3D /* Pods-KisilerUygulamasi.debug.xcconfig */,
				60D14561E0BE29E6D0A8326F /* Pods-KisilerUygulamasi.release.xcconfig */,
			);
			path = Pods;
			sourceTree = "<group>";
		};
		470A948C2BAB24C300B2739E = {
			isa = PBXGroup;
			children = (
				470A94972BAB24C300B2739E /* KisilerUygulamasi */,
				470A94962BAB24C300B2739E /* Products */,
				04954928FA25A799A4CFA853 /* Pods */,
				FB92F102024EFAA6A02B3467 /* Frameworks */,
			);
			sourceTree = "<group>";
		};
		470A94962BAB24C300B2739E /* Products */ = {
			isa = PBXGroup;
			children = (
				470A94952BAB24C300B2739E /* KisilerUygulamasi.app */,
			);
			name = Products;
			sourceTree = "<group>";
		};
		470A94972BAB24C300B2739E /* KisilerUygulamasi */ = {
			isa = PBXGroup;
			children = (
				470A94982BAB24C300B2739E /* AppDelegate.swift */,
				470A949A2BAB24C300B2739E /* SceneDelegate.swift */,
				470A94AD2BAB256300B2739E /* ui */,
				470A94AC2BAB254C00B2739E /* data */,
				470A949E2BAB24C300B2739E /* Main.storyboard */,
				470A94A12BAB24D000B2739E /* Assets.xcassets */,
				470A94A32BAB24D000B2739E /* LaunchScreen.storyboard */,
				470A94A62BAB24D000B2739E /* Info.plist */,
				4714572A2BBC583800959509 /* KisilerUygulamasi-Bridging-Header.h */,
			);
			path = KisilerUygulamasi;
			sourceTree = "<group>";
		};
		470A94AC2BAB254C00B2739E /* data */ = {
			isa = PBXGroup;
			children = (
				476B27562BAF1E2C00E5A5A2 /* repo */,
				470A94AE2BAB258800B2739E /* entity */,
			);
			path = data;
			sourceTree = "<group>";
		};
		470A94AD2BAB256300B2739E /* ui */ = {
			isa = PBXGroup;
			children = (
				476B27592BAF1E8500E5A5A2 /* viewmodel */,
				4798FAC32BAB523300DA6603 /* tableview */,
				470A94AF2BAB259500B2739E /* views */,
			);
			path = ui;
			sourceTree = "<group>";
		};
		470A94AE2BAB258800B2739E /* entity */ = {
			isa = PBXGroup;
			children = (
				4798FAC12BAB27F800DA6603 /* Kisiler.swift */,
				475687AD2BBC802C0026630E /* CRUDCevap.swift */,
				475687AF2BBC80F80026630E /* KisilerCevap.swift */,
			);
			path = entity;
			sourceTree = "<group>";
		};
		470A94AF2BAB259500B2739E /* views */ = {
			isa = PBXGroup;
			children = (
				470A949C2BAB24C300B2739E /* Anasayfa.swift */,
				470A94B02BAB25D200B2739E /* KisiKayit.swift */,
				470A94B22BAB25E600B2739E /* KisiDetay.swift */,
			);
			path = views;
			sourceTree = "<group>";
		};
		476B27562BAF1E2C00E5A5A2 /* repo */ = {
			isa = PBXGroup;
			children = (
				476B27572BAF1E4E00E5A5A2 /* KisilerDaoRepository.swift */,
			);
			path = repo;
			sourceTree = "<group>";
		};
		476B27592BAF1E8500E5A5A2 /* viewmodel */ = {
			isa = PBXGroup;
			children = (
				476B275A2BAF1E9700E5A5A2 /* AnasayfaViewModel.swift */,
				476B275C2BAF1EC700E5A5A2 /* KisiKayitViewModel.swift */,
				476B275E2BAF1EE400E5A5A2 /* KisiDetayViewModel.swift */,
			);
			path = viewmodel;
			sourceTree = "<group>";
		};
		4798FAC32BAB523300DA6603 /* tableview */ = {
			isa = PBXGroup;
			children = (
				4798FAC42BAB526400DA6603 /* KisilerHucre.swift */,
			);
			path = tableview;
			sourceTree = "<group>";
		};
		FB92F102024EFAA6A02B3467 /* Frameworks */ = {
			isa = PBXGroup;
			children = (
				FE4145716B458D473020F48E /* Pods_KisilerUygulamasi.framework */,
			);
			name = Frameworks;
			sourceTree = "<group>";
		};
/* End PBXGroup section */

/* Begin PBXNativeTarget section */
		470A94942BAB24C300B2739E /* KisilerUygulamasi */ = {
			isa = PBXNativeTarget;
			buildConfigurationList = 470A94A92BAB24D000B2739E /* Build configuration list for PBXNativeTarget "KisilerUygulamasi" */;
			buildPhases = (
				1FB1CBD95E4B260D10878145 /* [CP] Check Pods Manifest.lock */,
				470A94912BAB24C300B2739E /* Sources */,
				470A94922BAB24C300B2739E /* Frameworks */,
				470A94932BAB24C300B2739E /* Resources */,
				84B96BAE4BD888E04233220E /* [CP] Embed Pods Frameworks */,
			);
			buildRules = (
			);
			dependencies = (
			);
			name = KisilerUygulamasi;
			packageProductDependencies = (
			);
			productName = KisilerUygulamasi;
			productReference = 470A94952BAB24C300B2739E /* KisilerUygulamasi.app */;
			productType = "com.apple.product-type.application";
		};
/* End PBXNativeTarget section */

/* Begin PBXProject section */
		470A948D2BAB24C300B2739E /* Project object */ = {
			isa = PBXProject;
			attributes = {
				BuildIndependentTargetsInParallel = 1;
				LastSwiftUpdateCheck = 1340;
				LastUpgradeCheck = 1340;
				TargetAttributes = {
					470A94942BAB24C300B2739E = {
						CreatedOnToolsVersion = 13.4.1;
						LastSwiftMigration = 1340;
					};
				};
			};
			buildConfigurationList = 470A94902BAB24C300B2739E /* Build configuration list for PBXProject "KisilerUygulamasi" */;
			compatibilityVersion = "Xcode 13.0";
			developmentRegion = en;
			hasScannedForEncodings = 0;
			knownRegions = (
				en,
				Base,
			);
			mainGroup = 470A948C2BAB24C300B2739E;
			packageReferences = (
			);
			productRefGroup = 470A94962BAB24C300B2739E /* Products */;
			projectDirPath = "";
			projectRoot = "";
			targets = (
				470A94942BAB24C300B2739E /* KisilerUygulamasi */,
			);
		};
/* End PBXProject section */

/* Begin PBXResourcesBuildPhase section */
		470A94932BAB24C300B2739E /* Resources */ = {
			isa = PBXResourcesBuildPhase;
			buildActionMask = 2147483647;
			files = (
				470A94A52BAB24D000B2739E /* LaunchScreen.storyboard in Resources */,
				470A94A22BAB24D000B2739E /* Assets.xcassets in Resources */,
				470A94A02BAB24C300B2739E /* Main.storyboard in Resources */,
			);
			runOnlyForDeploymentPostprocessing = 0;
		};
/* End PBXResourcesBuildPhase section */

/* Begin PBXShellScriptBuildPhase section */
		1FB1CBD95E4B260D10878145 /* [CP] Check Pods Manifest.lock */ = {
			isa = PBXShellScriptBuildPhase;
			buildActionMask = 2147483647;
			files = (
			);
			inputFileListPaths = (
			);
			inputPaths = (
				"${PODS_PODFILE_DIR_PATH}/Podfile.lock",
				"${PODS_ROOT}/Manifest.lock",
			);
			name = "[CP] Check Pods Manifest.lock";
			outputFileListPaths = (
			);
			outputPaths = (
				"$(DERIVED_FILE_DIR)/Pods-KisilerUygulamasi-checkManifestLockResult.txt",
			);
			runOnlyForDeploymentPostprocessing = 0;
			shellPath = /bin/sh;
			shellScript = "diff \"${PODS_PODFILE_DIR_PATH}/Podfile.lock\" \"${PODS_ROOT}/Manifest.lock\" > /dev/null\nif [ $? != 0 ] ; then\n    # print error to STDERR\n    echo \"error: The sandbox is not in sync with the Podfile.lock. Run 'pod install' or update your CocoaPods installation.\" >&2\n    exit 1\nfi\n# This output is used by Xcode 'outputs' to avoid re-running this script phase.\necho \"SUCCESS\" > \"${SCRIPT_OUTPUT_FILE_0}\"\n";
			showEnvVarsInLog = 0;
		};
		84B96BAE4BD888E04233220E /* [CP] Embed Pods Frameworks */ = {
			isa = PBXShellScriptBuildPhase;
			buildActionMask = 2147483647;
			files = (
			);
			inputFileListPaths = (
				"${PODS_ROOT}/Target Support Files/Pods-KisilerUygulamasi/Pods-KisilerUygulamasi-frameworks-${CONFIGURATION}-input-files.xcfilelist",
			);
			name = "[CP] Embed Pods Frameworks";
			outputFileListPaths = (
				"${PODS_ROOT}/Target Support Files/Pods-KisilerUygulamasi/Pods-KisilerUygulamasi-frameworks-${CONFIGURATION}-output-files.xcfilelist",
			);
			runOnlyForDeploymentPostprocessing = 0;
			shellPath = /bin/sh;
			shellScript = "\"${PODS_ROOT}/Target Support Files/Pods-KisilerUygulamasi/Pods-KisilerUygulamasi-frameworks.sh\"\n";
			showEnvVarsInLog = 0;
		};
/* End PBXShellScriptBuildPhase section */

/* Begin PBXSourcesBuildPhase section */
		470A94912BAB24C300B2739E /* Sources */ = {
			isa = PBXSourcesBuildPhase;
			buildActionMask = 2147483647;
			files = (
				470A94B12BAB25D200B2739E /* KisiKayit.swift in Sources */,
				4798FAC52BAB526400DA6603 /* KisilerHucre.swift in Sources */,
				470A94B32BAB25E600B2739E /* KisiDetay.swift in Sources */,
				470A949D2BAB24C300B2739E /* Anasayfa.swift in Sources */,
				476B27582BAF1E4E00E5A5A2 /* KisilerDaoRepository.swift in Sources */,
				476B275B2BAF1E9700E5A5A2 /* AnasayfaViewModel.swift in Sources */,
				476B275F2BAF1EE400E5A5A2 /* KisiDetayViewModel.swift in Sources */,
				475687AE2BBC802C0026630E /* CRUDCevap.swift in Sources */,
				470A94992BAB24C300B2739E /* AppDelegate.swift in Sources */,
				475687B02BBC80F80026630E /* KisilerCevap.swift in Sources */,
				470A949B2BAB24C300B2739E /* SceneDelegate.swift in Sources */,
				4798FAC22BAB27F800DA6603 /* Kisiler.swift in Sources */,
				476B275D2BAF1EC700E5A5A2 /* KisiKayitViewModel.swift in Sources */,
			);
			runOnlyForDeploymentPostprocessing = 0;
		};
/* End PBXSourcesBuildPhase section */

/* Begin PBXVariantGroup section */
		470A949E2BAB24C300B2739E /* Main.storyboard */ = {
			isa = PBXVariantGroup;
			children = (
				470A949F2BAB24C300B2739E /* Base */,
			);
			name = Main.storyboard;
			sourceTree = "<group>";
		};
		470A94A32BAB24D000B2739E /* LaunchScreen.storyboard */ = {
			isa = PBXVariantGroup;
			children = (
				470A94A42BAB24D000B2739E /* Base */,
			);
			name = LaunchScreen.storyboard;
			sourceTree = "<group>";
		};
/* End PBXVariantGroup section */

/* Begin XCBuildConfiguration section */
		470A94A72BAB24D000B2739E /* Debug */ = {
			isa = XCBuildConfiguration;
			buildSettings = {
				ALWAYS_SEARCH_USER_PATHS = NO;
				CLANG_ANALYZER_NONNULL = YES;
				CLANG_ANALYZER_NUMBER_OBJECT_CONVERSION = YES_AGGRESSIVE;
				CLANG_CXX_LANGUAGE_STANDARD = "gnu++17";
				CLANG_ENABLE_MODULES = YES;
				CLANG_ENABLE_OBJC_ARC = YES;
				CLANG_ENABLE_OBJC_WEAK = YES;
				CLANG_WARN_BLOCK_CAPTURE_AUTORELEASING = YES;
				CLANG_WARN_BOOL_CONVERSION = YES;
				CLANG_WARN_COMMA = YES;
				CLANG_WARN_CONSTANT_CONVERSION = YES;
				CLANG_WARN_DEPRECATED_OBJC_IMPLEMENTATIONS = YES;
				CLANG_WARN_DIRECT_OBJC_ISA_USAGE = YES_ERROR;
				CLANG_WARN_DOCUMENTATION_COMMENTS = YES;
				CLANG_WARN_EMPTY_BODY = YES;
				CLANG_WARN_ENUM_CONVERSION = YES;
				CLANG_WARN_INFINITE_RECURSION = YES;
				CLANG_WARN_INT_CONVERSION = YES;
				CLANG_WARN_NON_LITERAL_NULL_CONVERSION = YES;
				CLANG_WARN_OBJC_IMPLICIT_RETAIN_SELF = YES;
				CLANG_WARN_OBJC_LITERAL_CONVERSION = YES;
				CLANG_WARN_OBJC_ROOT_CLASS = YES_ERROR;
				CLANG_WARN_QUOTED_INCLUDE_IN_FRAMEWORK_HEADER = YES;
				CLANG_WARN_RANGE_LOOP_ANALYSIS = YES;
				CLANG_WARN_STRICT_PROTOTYPES = YES;
				CLANG_WARN_SUSPICIOUS_MOVE = YES;
				CLANG_WARN_UNGUARDED_AVAILABILITY = YES_AGGRESSIVE;
				CLANG_WARN_UNREACHABLE_CODE = YES;
				CLANG_WARN__DUPLICATE_METHOD_MATCH = YES;
				COPY_PHASE_STRIP = NO;
				DEBUG_INFORMATION_FORMAT = dwarf;
				ENABLE_STRICT_OBJC_MSGSEND = YES;
				ENABLE_TESTABILITY = YES;
				GCC_C_LANGUAGE_STANDARD = gnu11;
				GCC_DYNAMIC_NO_PIC = NO;
				GCC_NO_COMMON_BLOCKS = YES;
				GCC_OPTIMIZATION_LEVEL = 0;
				GCC_PREPROCESSOR_DEFINITIONS = (
					"DEBUG=1",
					"$(inherited)",
				);
				GCC_WARN_64_TO_32_BIT_CONVERSION = YES;
				GCC_WARN_ABOUT_RETURN_TYPE = YES_ERROR;
				GCC_WARN_UNDECLARED_SELECTOR = YES;
				GCC_WARN_UNINITIALIZED_AUTOS = YES_AGGRESSIVE;
				GCC_WARN_UNUSED_FUNCTION = YES;
				GCC_WARN_UNUSED_VARIABLE = YES;
				IPHONEOS_DEPLOYMENT_TARGET = 15.5;
				MTL_ENABLE_DEBUG_INFO = INCLUDE_SOURCE;
				MTL_FAST_MATH = YES;
				ONLY_ACTIVE_ARCH = YES;
				SDKROOT = iphoneos;
				SWIFT_ACTIVE_COMPILATION_CONDITIONS = DEBUG;
				SWIFT_OBJC_BRIDGING_HEADER = "KisilerUygulamasi-Bridging-Header.h";
				SWIFT_OPTIMIZATION_LEVEL = "-Onone";
			};
			name = Debug;
		};
		470A94A82BAB24D000B2739E /* Release */ = {
			isa = XCBuildConfiguration;
			buildSettings = {
				ALWAYS_SEARCH_USER_PATHS = NO;
				CLANG_ANALYZER_NONNULL = YES;
				CLANG_ANALYZER_NUMBER_OBJECT_CONVERSION = YES_AGGRESSIVE;
				CLANG_CXX_LANGUAGE_STANDARD = "gnu++17";
				CLANG_ENABLE_MODULES = YES;
				CLANG_ENABLE_OBJC_ARC = YES;
				CLANG_ENABLE_OBJC_WEAK = YES;
				CLANG_WARN_BLOCK_CAPTURE_AUTORELEASING = YES;
				CLANG_WARN_BOOL_CONVERSION = YES;
				CLANG_WARN_COMMA = YES;
				CLANG_WARN_CONSTANT_CONVERSION = YES;
				CLANG_WARN_DEPRECATED_OBJC_IMPLEMENTATIONS = YES;
				CLANG_WARN_DIRECT_OBJC_ISA_USAGE = YES_ERROR;
				CLANG_WARN_DOCUMENTATION_COMMENTS = YES;
				CLANG_WARN_EMPTY_BODY = YES;
				CLANG_WARN_ENUM_CONVERSION = YES;
				CLANG_WARN_INFINITE_RECURSION = YES;
				CLANG_WARN_INT_CONVERSION = YES;
				CLANG_WARN_NON_LITERAL_NULL_CONVERSION = YES;
				CLANG_WARN_OBJC_IMPLICIT_RETAIN_SELF = YES;
				CLANG_WARN_OBJC_LITERAL_CONVERSION = YES;
				CLANG_WARN_OBJC_ROOT_CLASS = YES_ERROR;
				CLANG_WARN_QUOTED_INCLUDE_IN_FRAMEWORK_HEADER = YES;
				CLANG_WARN_RANGE_LOOP_ANALYSIS = YES;
				CLANG_WARN_STRICT_PROTOTYPES = YES;
				CLANG_WARN_SUSPICIOUS_MOVE = YES;
				CLANG_WARN_UNGUARDED_AVAILABILITY = YES_AGGRESSIVE;
				CLANG_WARN_UNREACHABLE_CODE = YES;
				CLANG_WARN__DUPLICATE_METHOD_MATCH = YES;
				COPY_PHASE_STRIP = NO;
				DEBUG_INFORMATION_FORMAT = "dwarf-with-dsym";
				ENABLE_NS_ASSERTIONS = NO;
				ENABLE_STRICT_OBJC_MSGSEND = YES;
				GCC_C_LANGUAGE_STANDARD = gnu11;
				GCC_NO_COMMON_BLOCKS = YES;
				GCC_WARN_64_TO_32_BIT_CONVERSION = YES;
				GCC_WARN_ABOUT_RETURN_TYPE = YES_ERROR;
				GCC_WARN_UNDECLARED_SELECTOR = YES;
				GCC_WARN_UNINITIALIZED_AUTOS = YES_AGGRESSIVE;
				GCC_WARN_UNUSED_FUNCTION = YES;
				GCC_WARN_UNUSED_VARIABLE = YES;
				IPHONEOS_DEPLOYMENT_TARGET = 15.5;
				MTL_ENABLE_DEBUG_INFO = NO;
				MTL_FAST_MATH = YES;
				SDKROOT = iphoneos;
				SWIFT_COMPILATION_MODE = wholemodule;
				SWIFT_OBJC_BRIDGING_HEADER = "KisilerUygulamasi-Bridging-Header.h";
				SWIFT_OPTIMIZATION_LEVEL = "-O";
				VALIDATE_PRODUCT = YES;
			};
			name = Release;
		};
		470A94AA2BAB24D000B2739E /* Debug */ = {
			isa = XCBuildConfiguration;
			baseConfigurationReference = C71CEEDE4E58B8372FD5CB3D /* Pods-KisilerUygulamasi.debug.xcconfig */;
			buildSettings = {
				ASSETCATALOG_COMPILER_APPICON_NAME = AppIcon;
				ASSETCATALOG_COMPILER_GLOBAL_ACCENT_COLOR_NAME = AccentColor;
				CLANG_ENABLE_MODULES = YES;
				CODE_SIGN_STYLE = Automatic;
				CURRENT_PROJECT_VERSION = 1;
				DEVELOPMENT_TEAM = VM33FHMWX5;
				GENERATE_INFOPLIST_FILE = YES;
				INFOPLIST_FILE = KisilerUygulamasi/Info.plist;
				INFOPLIST_KEY_UIApplicationSupportsIndirectInputEvents = YES;
				INFOPLIST_KEY_UILaunchStoryboardName = LaunchScreen;
				INFOPLIST_KEY_UIMainStoryboardFile = Main;
				INFOPLIST_KEY_UISupportedInterfaceOrientations_iPad = "UIInterfaceOrientationPortrait UIInterfaceOrientationPortraitUpsideDown UIInterfaceOrientationLandscapeLeft UIInterfaceOrientationLandscapeRight";
				INFOPLIST_KEY_UISupportedInterfaceOrientations_iPhone = "UIInterfaceOrientationPortrait UIInterfaceOrientationLandscapeLeft UIInterfaceOrientationLandscapeRight";
				LD_RUNPATH_SEARCH_PATHS = (
					"$(inherited)",
					"@executable_path/Frameworks",
				);
				MARKETING_VERSION = 1.0;
				PRODUCT_BUNDLE_IDENTIFIER = com.yasemintok.KisilerUygulamasi;
				PRODUCT_NAME = "$(TARGET_NAME)";
				SWIFT_EMIT_LOC_STRINGS = YES;
				SWIFT_OBJC_BRIDGING_HEADER = "KisilerUygulamasi/KisilerUygulamasi-Bridging-Header.h";
				SWIFT_OPTIMIZATION_LEVEL = "-Onone";
				SWIFT_VERSION = 5.0;
				TARGETED_DEVICE_FAMILY = "1,2";
			};
			name = Debug;
		};
		470A94AB2BAB24D000B2739E /* Release */ = {
			isa = XCBuildConfiguration;
			baseConfigurationReference = 60D14561E0BE29E6D0A8326F /* Pods-KisilerUygulamasi.release.xcconfig */;
			buildSettings = {
				ASSETCATALOG_COMPILER_APPICON_NAME = AppIcon;
				ASSETCATALOG_COMPILER_GLOBAL_ACCENT_COLOR_NAME = AccentColor;
				CLANG_ENABLE_MODULES = YES;
				CODE_SIGN_STYLE = Automatic;
				CURRENT_PROJECT_VERSION = 1;
				DEVELOPMENT_TEAM = VM33FHMWX5;
				GENERATE_INFOPLIST_FILE = YES;
				INFOPLIST_FILE = KisilerUygulamasi/Info.plist;
				INFOPLIST_KEY_UIApplicationSupportsIndirectInputEvents = YES;
				INFOPLIST_KEY_UILaunchStoryboardName = LaunchScreen;
				INFOPLIST_KEY_UIMainStoryboardFile = Main;
				INFOPLIST_KEY_UISupportedInterfaceOrientations_iPad = "UIInterfaceOrientationPortrait UIInterfaceOrientationPortraitUpsideDown UIInterfaceOrientationLandscapeLeft UIInterfaceOrientationLandscapeRight";
				INFOPLIST_KEY_UISupportedInterfaceOrientations_iPhone = "UIInterfaceOrientationPortrait UIInterfaceOrientationLandscapeLeft UIInterfaceOrientationLandscapeRight";
				LD_RUNPATH_SEARCH_PATHS = (
					"$(inherited)",
					"@executable_path/Frameworks",
				);
				MARKETING_VERSION = 1.0;
				PRODUCT_BUNDLE_IDENTIFIER = com.yasemintok.KisilerUygulamasi;
				PRODUCT_NAME = "$(TARGET_NAME)";
				SWIFT_EMIT_LOC_STRINGS = YES;
				SWIFT_OBJC_BRIDGING_HEADER = "KisilerUygulamasi/KisilerUygulamasi-Bridging-Header.h";
				SWIFT_VERSION = 5.0;
				TARGETED_DEVICE_FAMILY = "1,2";
			};
			name = Release;
		};
/* End XCBuildConfiguration section */

/* Begin XCConfigurationList section */
		470A94902BAB24C300B2739E /* Build configuration list for PBXProject "KisilerUygulamasi" */ = {
			isa = XCConfigurationList;
			buildConfigurations = (
				470A94A72BAB24D000B2739E /* Debug */,
				470A94A82BAB24D000B2739E /* Release */,
			);
			defaultConfigurationIsVisible = 0;
			defaultConfigurationName = Release;
		};
		470A94A92BAB24D000B2739E /* Build configuration list for PBXNativeTarget "KisilerUygulamasi" */ = {
			isa = XCConfigurationList;
			buildConfigurations = (
				470A94AA2BAB24D000B2739E /* Debug */,
				470A94AB2BAB24D000B2739E /* Release */,
			);
			defaultConfigurationIsVisible = 0;
			defaultConfigurationName = Release;
		};
/* End XCConfigurationList section */
	};
	rootObject = 470A948D2BAB24C300B2739E /* Project object */;
}
