// !$*UTF8*$!
{
	archiveVersion = 1;
	classes = {
	};
	objectVersion = 55;
	objects = {

/* Begin PBXBuildFile section */
		1ED76C3EF1AE213F413FD0F3 /* Pods_FilmlerApp.framework in Frameworks */ = {isa = PBXBuildFile; fileRef = EB45A5A96FF69ECCF50B926E /* Pods_FilmlerApp.framework */; };
		471D35812BBCC5ED00705971 /* FilmlerCevap.swift in Sources */ = {isa = PBXBuildFile; fileRef = 471D35802BBCC5ED00705971 /* FilmlerCevap.swift */; };
		476B26EE2BAD8B8900E5A5A2 /* AppDelegate.swift in Sources */ = {isa = PBXBuildFile; fileRef = 476B26ED2BAD8B8900E5A5A2 /* AppDelegate.swift */; };
		476B26F02BAD8B8900E5A5A2 /* SceneDelegate.swift in Sources */ = {isa = PBXBuildFile; fileRef = 476B26EF2BAD8B8900E5A5A2 /* SceneDelegate.swift */; };
		476B26F22BAD8B8900E5A5A2 /* Anasayfa.swift in Sources */ = {isa = PBXBuildFile; fileRef = 476B26F12BAD8B8900E5A5A2 /* Anasayfa.swift */; };
		476B26F52BAD8B8900E5A5A2 /* Main.storyboard in Resources */ = {isa = PBXBuildFile; fileRef = 476B26F32BAD8B8900E5A5A2 /* Main.storyboard */; };
		476B26F72BAD8B8C00E5A5A2 /* Assets.xcassets in Resources */ = {isa = PBXBuildFile; fileRef = 476B26F62BAD8B8C00E5A5A2 /* Assets.xcassets */; };
		476B26FA2BAD8B8C00E5A5A2 /* LaunchScreen.storyboard in Resources */ = {isa = PBXBuildFile; fileRef = 476B26F82BAD8B8C00E5A5A2 /* LaunchScreen.storyboard */; };
		476B27072BAD8CCF00E5A5A2 /* Filmler.swift in Sources */ = {isa = PBXBuildFile; fileRef = 476B27062BAD8CCF00E5A5A2 /* Filmler.swift */; };
		476B27092BAD8D4300E5A5A2 /* DetaySayfa.swift in Sources */ = {isa = PBXBuildFile; fileRef = 476B27082BAD8D4300E5A5A2 /* DetaySayfa.swift */; };
		476B270B2BAD8ED400E5A5A2 /* FilmlerHucre.swift in Sources */ = {isa = PBXBuildFile; fileRef = 476B270A2BAD8ED400E5A5A2 /* FilmlerHucre.swift */; };
		476B279C2BB48E3D00E5A5A2 /* FilmlerDaoRepository.swift in Sources */ = {isa = PBXBuildFile; fileRef = 476B279B2BB48E3D00E5A5A2 /* FilmlerDaoRepository.swift */; };
		476B279F2BB48E7000E5A5A2 /* AnasayfaViewModel.swift in Sources */ = {isa = PBXBuildFile; fileRef = 476B279E2BB48E7000E5A5A2 /* AnasayfaViewModel.swift */; };
/* End PBXBuildFile section */

/* Begin PBXFileReference section */
		2A64BA825AFCC126EDDE1528 /* Pods-FilmlerApp.debug.xcconfig */ = {isa = PBXFileReference; includeInIndex = 1; lastKnownFileType = text.xcconfig; name = "Pods-FilmlerApp.debug.xcconfig"; path = "Target Support Files/Pods-FilmlerApp/Pods-FilmlerApp.debug.xcconfig"; sourceTree = "<group>"; };
		471D357F2BBCC4A800705971 /* FilmlerApp.app */ = {isa = PBXFileReference; explicitFileType = wrapper.application; includeInIndex = 0; path = FilmlerApp.app; sourceTree = BUILT_PRODUCTS_DIR; };
		471D35802BBCC5ED00705971 /* FilmlerCevap.swift */ = {isa = PBXFileReference; lastKnownFileType = sourcecode.swift; path = FilmlerCevap.swift; sourceTree = "<group>"; };
		476B26ED2BAD8B8900E5A5A2 /* AppDelegate.swift */ = {isa = PBXFileReference; lastKnownFileType = sourcecode.swift; path = AppDelegate.swift; sourceTree = "<group>"; };
		476B26EF2BAD8B8900E5A5A2 /* SceneDelegate.swift */ = {isa = PBXFileReference; lastKnownFileType = sourcecode.swift; path = SceneDelegate.swift; sourceTree = "<group>"; };
		476B26F12BAD8B8900E5A5A2 /* Anasayfa.swift */ = {isa = PBXFileReference; lastKnownFileType = sourcecode.swift; path = Anasayfa.swift; sourceTree = "<group>"; };
		476B26F42BAD8B8900E5A5A2 /* Base */ = {isa = PBXFileReference; lastKnownFileType = file.storyboard; name = Base; path = Base.lproj/Main.storyboard; sourceTree = "<group>"; };
		476B26F62BAD8B8C00E5A5A2 /* Assets.xcassets */ = {isa = PBXFileReference; lastKnownFileType = folder.assetcatalog; path = Assets.xcassets; sourceTree = "<group>"; };
		476B26F92BAD8B8C00E5A5A2 /* Base */ = {isa = PBXFileReference; lastKnownFileType = file.storyboard; name = Base; path = Base.lproj/LaunchScreen.storyboard; sourceTree = "<group>"; };
		476B26FB2BAD8B8C00E5A5A2 /* Info.plist */ = {isa = PBXFileReference; lastKnownFileType = text.plist.xml; path = Info.plist; sourceTree = "<group>"; };
		476B27062BAD8CCF00E5A5A2 /* Filmler.swift */ = {isa = PBXFileReference; lastKnownFileType = sourcecode.swift; path = Filmler.swift; sourceTree = "<group>"; };
		476B27082BAD8D4300E5A5A2 /* DetaySayfa.swift */ = {isa = PBXFileReference; lastKnownFileType = sourcecode.swift; path = DetaySayfa.swift; sourceTree = "<group>"; };
		476B270A2BAD8ED400E5A5A2 /* FilmlerHucre.swift */ = {isa = PBXFileReference; lastKnownFileType = sourcecode.swift; path = FilmlerHucre.swift; sourceTree = "<group>"; };
		476B279B2BB48E3D00E5A5A2 /* FilmlerDaoRepository.swift */ = {isa = PBXFileReference; lastKnownFileType = sourcecode.swift; path = FilmlerDaoRepository.swift; sourceTree = "<group>"; };
		476B279E2BB48E7000E5A5A2 /* AnasayfaViewModel.swift */ = {isa = PBXFileReference; lastKnownFileType = sourcecode.swift; path = AnasayfaViewModel.swift; sourceTree = "<group>"; };
		47C8236B2BBC414800D8E0EB /* FilmlerApp-Bridging-Header.h */ = {isa = PBXFileReference; lastKnownFileType = sourcecode.c.h; path = "FilmlerApp-Bridging-Header.h"; sourceTree = "<group>"; };
		845960FC49FE95A4BA94E59A /* Pods-FilmlerApp.release.xcconfig */ = {isa = PBXFileReference; includeInIndex = 1; lastKnownFileType = text.xcconfig; name = "Pods-FilmlerApp.release.xcconfig"; path = "Target Support Files/Pods-FilmlerApp/Pods-FilmlerApp.release.xcconfig"; sourceTree = "<group>"; };
		EB45A5A96FF69ECCF50B926E /* Pods_FilmlerApp.framework */ = {isa = PBXFileReference; explicitFileType = wrapper.framework; includeInIndex = 0; path = Pods_FilmlerApp.framework; sourceTree = BUILT_PRODUCTS_DIR; };
/* End PBXFileReference section */

/* Begin PBXFrameworksBuildPhase section */
		476B26E72BAD8B8900E5A5A2 /* Frameworks */ = {
			isa = PBXFrameworksBuildPhase;
			buildActionMask = 2147483647;
			files = (
				1ED76C3EF1AE213F413FD0F3 /* Pods_FilmlerApp.framework in Frameworks */,
			);
			runOnlyForDeploymentPostprocessing = 0;
		};
/* End PBXFrameworksBuildPhase section */

/* Begin PBXGroup section */
		476B26E12BAD8B8900E5A5A2 = {
			isa = PBXGroup;
			children = (
				476B26EC2BAD8B8900E5A5A2 /* FilmlerApp */,
				EB8527C4BC0B7B7746A0B3CB /* Pods */,
				F98ECA51ECACD360744D273D /* Frameworks */,
				471D357F2BBCC4A800705971 /* FilmlerApp.app */,
			);
			sourceTree = "<group>";
		};
		476B26EC2BAD8B8900E5A5A2 /* FilmlerApp */ = {
			isa = PBXGroup;
			children = (
				476B26ED2BAD8B8900E5A5A2 /* AppDelegate.swift */,
				476B26EF2BAD8B8900E5A5A2 /* SceneDelegate.swift */,
				476B27022BAD8BD500E5A5A2 /* ui */,
				476B27012BAD8BC500E5A5A2 /* data */,
				476B26F32BAD8B8900E5A5A2 /* Main.storyboard */,
				476B26F62BAD8B8C00E5A5A2 /* Assets.xcassets */,
				476B26F82BAD8B8C00E5A5A2 /* LaunchScreen.storyboard */,
				476B26FB2BAD8B8C00E5A5A2 /* Info.plist */,
				47C8236B2BBC414800D8E0EB /* FilmlerApp-Bridging-Header.h */,
			);
			path = FilmlerApp;
			sourceTree = "<group>";
		};
		476B27012BAD8BC500E5A5A2 /* data */ = {
			isa = PBXGroup;
			children = (
				476B279A2BB48E1B00E5A5A2 /* repo */,
				476B27042BAD8BF400E5A5A2 /* entity */,
			);
			path = data;
			sourceTree = "<group>";
		};
		476B27022BAD8BD500E5A5A2 /* ui */ = {
			isa = PBXGroup;
			children = (
				476B279D2BB48E5C00E5A5A2 /* viewmodel */,
				476B27052BAD8C0800E5A5A2 /* collectionview */,
				476B27032BAD8BE800E5A5A2 /* views */,
			);
			path = ui;
			sourceTree = "<group>";
		};
		476B27032BAD8BE800E5A5A2 /* views */ = {
			isa = PBXGroup;
			children = (
				476B26F12BAD8B8900E5A5A2 /* Anasayfa.swift */,
				476B27082BAD8D4300E5A5A2 /* DetaySayfa.swift */,
			);
			path = views;
			sourceTree = "<group>";
		};
		476B27042BAD8BF400E5A5A2 /* entity */ = {
			isa = PBXGroup;
			children = (
				476B27062BAD8CCF00E5A5A2 /* Filmler.swift */,
				471D35802BBCC5ED00705971 /* FilmlerCevap.swift */,
			);
			path = entity;
			sourceTree = "<group>";
		};
		476B27052BAD8C0800E5A5A2 /* collectionview */ = {
			isa = PBXGroup;
			children = (
				476B270A2BAD8ED400E5A5A2 /* FilmlerHucre.swift */,
			);
			path = collectionview;
			sourceTree = "<group>";
		};
		476B279A2BB48E1B00E5A5A2 /* repo */ = {
			isa = PBXGroup;
			children = (
				476B279B2BB48E3D00E5A5A2 /* FilmlerDaoRepository.swift */,
			);
			path = repo;
			sourceTree = "<group>";
		};
		476B279D2BB48E5C00E5A5A2 /* viewmodel */ = {
			isa = PBXGroup;
			children = (
				476B279E2BB48E7000E5A5A2 /* AnasayfaViewModel.swift */,
			);
			path = viewmodel;
			sourceTree = "<group>";
		};
		EB8527C4BC0B7B7746A0B3CB /* Pods */ = {
			isa = PBXGroup;
			children = (
				2A64BA825AFCC126EDDE1528 /* Pods-FilmlerApp.debug.xcconfig */,
				845960FC49FE95A4BA94E59A /* Pods-FilmlerApp.release.xcconfig */,
			);
			path = Pods;
			sourceTree = "<group>";
		};
		F98ECA51ECACD360744D273D /* Frameworks */ = {
			isa = PBXGroup;
			children = (
				EB45A5A96FF69ECCF50B926E /* Pods_FilmlerApp.framework */,
			);
			name = Frameworks;
			sourceTree = "<group>";
		};
/* End PBXGroup section */

/* Begin PBXNativeTarget section */
		476B26E92BAD8B8900E5A5A2 /* FilmlerApp */ = {
			isa = PBXNativeTarget;
			buildConfigurationList = 476B26FE2BAD8B8C00E5A5A2 /* Build configuration list for PBXNativeTarget "FilmlerApp" */;
			buildPhases = (
				DAFCDDAABDA405FF7154D1C7 /* [CP] Check Pods Manifest.lock */,
				476B26E62BAD8B8900E5A5A2 /* Sources */,
				476B26E72BAD8B8900E5A5A2 /* Frameworks */,
				476B26E82BAD8B8900E5A5A2 /* Resources */,
				D5674CBDB93CF8541C3B55E4 /* [CP] Embed Pods Frameworks */,
			);
			buildRules = (
			);
			dependencies = (
			);
			name = FilmlerApp;
			productName = FilmlerApp;
			productReference = 471D357F2BBCC4A800705971 /* FilmlerApp.app */;
			productType = "com.apple.product-type.application";
		};
/* End PBXNativeTarget section */

/* Begin PBXProject section */
		476B26E22BAD8B8900E5A5A2 /* Project object */ = {
			isa = PBXProject;
			attributes = {
				BuildIndependentTargetsInParallel = 1;
				LastSwiftUpdateCheck = 1340;
				LastUpgradeCheck = 1340;
				TargetAttributes = {
					476B26E92BAD8B8900E5A5A2 = {
						CreatedOnToolsVersion = 13.4.1;
						LastSwiftMigration = 1340;
					};
				};
			};
			buildConfigurationList = 476B26E52BAD8B8900E5A5A2 /* Build configuration list for PBXProject "FilmlerApp" */;
			compatibilityVersion = "Xcode 13.0";
			developmentRegion = en;
			hasScannedForEncodings = 0;
			knownRegions = (
				en,
				Base,
			);
			mainGroup = 476B26E12BAD8B8900E5A5A2;
			productRefGroup = 476B26E12BAD8B8900E5A5A2;
			projectDirPath = "";
			projectRoot = "";
			targets = (
				476B26E92BAD8B8900E5A5A2 /* FilmlerApp */,
			);
		};
/* End PBXProject section */

/* Begin PBXResourcesBuildPhase section */
		476B26E82BAD8B8900E5A5A2 /* Resources */ = {
			isa = PBXResourcesBuildPhase;
			buildActionMask = 2147483647;
			files = (
				476B26FA2BAD8B8C00E5A5A2 /* LaunchScreen.storyboard in Resources */,
				476B26F72BAD8B8C00E5A5A2 /* Assets.xcassets in Resources */,
				476B26F52BAD8B8900E5A5A2 /* Main.storyboard in Resources */,
			);
			runOnlyForDeploymentPostprocessing = 0;
		};
/* End PBXResourcesBuildPhase section */

/* Begin PBXShellScriptBuildPhase section */
		D5674CBDB93CF8541C3B55E4 /* [CP] Embed Pods Frameworks */ = {
			isa = PBXShellScriptBuildPhase;
			buildActionMask = 2147483647;
			files = (
			);
			inputFileListPaths = (
				"${PODS_ROOT}/Target Support Files/Pods-FilmlerApp/Pods-FilmlerApp-frameworks-${CONFIGURATION}-input-files.xcfilelist",
			);
			name = "[CP] Embed Pods Frameworks";
			outputFileListPaths = (
				"${PODS_ROOT}/Target Support Files/Pods-FilmlerApp/Pods-FilmlerApp-frameworks-${CONFIGURATION}-output-files.xcfilelist",
			);
			runOnlyForDeploymentPostprocessing = 0;
			shellPath = /bin/sh;
			shellScript = "\"${PODS_ROOT}/Target Support Files/Pods-FilmlerApp/Pods-FilmlerApp-frameworks.sh\"\n";
			showEnvVarsInLog = 0;
		};
		DAFCDDAABDA405FF7154D1C7 /* [CP] Check Pods Manifest.lock */ = {
			isa = PBXShellScriptBuildPhase;
			buildActionMask = 2147483647;
			files = (
			);
			inputFileListPaths = (
			);
			inputPaths = (
				"${PODS_PODFILE_DIR_PATH}/Podfile.lock",
				"${PODS_ROOT}/Manifest.lock",
			);
			name = "[CP] Check Pods Manifest.lock";
			outputFileListPaths = (
			);
			outputPaths = (
				"$(DERIVED_FILE_DIR)/Pods-FilmlerApp-checkManifestLockResult.txt",
			);
			runOnlyForDeploymentPostprocessing = 0;
			shellPath = /bin/sh;
			shellScript = "diff \"${PODS_PODFILE_DIR_PATH}/Podfile.lock\" \"${PODS_ROOT}/Manifest.lock\" > /dev/null\nif [ $? != 0 ] ; then\n    # print error to STDERR\n    echo \"error: The sandbox is not in sync with the Podfile.lock. Run 'pod install' or update your CocoaPods installation.\" >&2\n    exit 1\nfi\n# This output is used by Xcode 'outputs' to avoid re-running this script phase.\necho \"SUCCESS\" > \"${SCRIPT_OUTPUT_FILE_0}\"\n";
			showEnvVarsInLog = 0;
		};
/* End PBXShellScriptBuildPhase section */

/* Begin PBXSourcesBuildPhase section */
		476B26E62BAD8B8900E5A5A2 /* Sources */ = {
			isa = PBXSourcesBuildPhase;
			buildActionMask = 2147483647;
			files = (
				476B26F22BAD8B8900E5A5A2 /* Anasayfa.swift in Sources */,
				476B26EE2BAD8B8900E5A5A2 /* AppDelegate.swift in Sources */,
				476B279F2BB48E7000E5A5A2 /* AnasayfaViewModel.swift in Sources */,
				476B26F02BAD8B8900E5A5A2 /* SceneDelegate.swift in Sources */,
				476B27092BAD8D4300E5A5A2 /* DetaySayfa.swift in Sources */,
				471D35812BBCC5ED00705971 /* FilmlerCevap.swift in Sources */,
				476B27072BAD8CCF00E5A5A2 /* Filmler.swift in Sources */,
				476B270B2BAD8ED400E5A5A2 /* FilmlerHucre.swift in Sources */,
				476B279C2BB48E3D00E5A5A2 /* FilmlerDaoRepository.swift in Sources */,
			);
			runOnlyForDeploymentPostprocessing = 0;
		};
/* End PBXSourcesBuildPhase section */

/* Begin PBXVariantGroup section */
		476B26F32BAD8B8900E5A5A2 /* Main.storyboard */ = {
			isa = PBXVariantGroup;
			children = (
				476B26F42BAD8B8900E5A5A2 /* Base */,
			);
			name = Main.storyboard;
			sourceTree = "<group>";
		};
		476B26F82BAD8B8C00E5A5A2 /* LaunchScreen.storyboard */ = {
			isa = PBXVariantGroup;
			children = (
				476B26F92BAD8B8C00E5A5A2 /* Base */,
			);
			name = LaunchScreen.storyboard;
			sourceTree = "<group>";
		};
/* End PBXVariantGroup section */

/* Begin XCBuildConfiguration section */
		476B26FC2BAD8B8C00E5A5A2 /* Debug */ = {
			isa = XCBuildConfiguration;
			buildSettings = {
				ALWAYS_SEARCH_USER_PATHS = NO;
				CLANG_ANALYZER_NONNULL = YES;
				CLANG_ANALYZER_NUMBER_OBJECT_CONVERSION = YES_AGGRESSIVE;
				CLANG_CXX_LANGUAGE_STANDARD = "gnu++17";
				CLANG_ENABLE_MODULES = YES;
				CLANG_ENABLE_OBJC_ARC = YES;
				CLANG_ENABLE_OBJC_WEAK = YES;
				CLANG_WARN_BLOCK_CAPTURE_AUTORELEASING = YES;
				CLANG_WARN_BOOL_CONVERSION = YES;
				CLANG_WARN_COMMA = YES;
				CLANG_WARN_CONSTANT_CONVERSION = YES;
				CLANG_WARN_DEPRECATED_OBJC_IMPLEMENTATIONS = YES;
				CLANG_WARN_DIRECT_OBJC_ISA_USAGE = YES_ERROR;
				CLANG_WARN_DOCUMENTATION_COMMENTS = YES;
				CLANG_WARN_EMPTY_BODY = YES;
				CLANG_WARN_ENUM_CONVERSION = YES;
				CLANG_WARN_INFINITE_RECURSION = YES;
				CLANG_WARN_INT_CONVERSION = YES;
				CLANG_WARN_NON_LITERAL_NULL_CONVERSION = YES;
				CLANG_WARN_OBJC_IMPLICIT_RETAIN_SELF = YES;
				CLANG_WARN_OBJC_LITERAL_CONVERSION = YES;
				CLANG_WARN_OBJC_ROOT_CLASS = YES_ERROR;
				CLANG_WARN_QUOTED_INCLUDE_IN_FRAMEWORK_HEADER = YES;
				CLANG_WARN_RANGE_LOOP_ANALYSIS = YES;
				CLANG_WARN_STRICT_PROTOTYPES = YES;
				CLANG_WARN_SUSPICIOUS_MOVE = YES;
				CLANG_WARN_UNGUARDED_AVAILABILITY = YES_AGGRESSIVE;
				CLANG_WARN_UNREACHABLE_CODE = YES;
				CLANG_WARN__DUPLICATE_METHOD_MATCH = YES;
				COPY_PHASE_STRIP = NO;
				DEBUG_INFORMATION_FORMAT = dwarf;
				ENABLE_STRICT_OBJC_MSGSEND = YES;
				ENABLE_TESTABILITY = YES;
				GCC_C_LANGUAGE_STANDARD = gnu11;
				GCC_DYNAMIC_NO_PIC = NO;
				GCC_NO_COMMON_BLOCKS = YES;
				GCC_OPTIMIZATION_LEVEL = 0;
				GCC_PREPROCESSOR_DEFINITIONS = (
					"DEBUG=1",
					"$(inherited)",
				);
				GCC_WARN_64_TO_32_BIT_CONVERSION = YES;
				GCC_WARN_ABOUT_RETURN_TYPE = YES_ERROR;
				GCC_WARN_UNDECLARED_SELECTOR = YES;
				GCC_WARN_UNINITIALIZED_AUTOS = YES_AGGRESSIVE;
				GCC_WARN_UNUSED_FUNCTION = YES;
				GCC_WARN_UNUSED_VARIABLE = YES;
				IPHONEOS_DEPLOYMENT_TARGET = 15.5;
				MTL_ENABLE_DEBUG_INFO = INCLUDE_SOURCE;
				MTL_FAST_MATH = YES;
				ONLY_ACTIVE_ARCH = YES;
				SDKROOT = iphoneos;
				SWIFT_ACTIVE_COMPILATION_CONDITIONS = DEBUG;
				SWIFT_OPTIMIZATION_LEVEL = "-Onone";
			};
			name = Debug;
		};
		476B26FD2BAD8B8C00E5A5A2 /* Release */ = {
			isa = XCBuildConfiguration;
			buildSettings = {
				ALWAYS_SEARCH_USER_PATHS = NO;
				CLANG_ANALYZER_NONNULL = YES;
				CLANG_ANALYZER_NUMBER_OBJECT_CONVERSION = YES_AGGRESSIVE;
				CLANG_CXX_LANGUAGE_STANDARD = "gnu++17";
				CLANG_ENABLE_MODULES = YES;
				CLANG_ENABLE_OBJC_ARC = YES;
				CLANG_ENABLE_OBJC_WEAK = YES;
				CLANG_WARN_BLOCK_CAPTURE_AUTORELEASING = YES;
				CLANG_WARN_BOOL_CONVERSION = YES;
				CLANG_WARN_COMMA = YES;
				CLANG_WARN_CONSTANT_CONVERSION = YES;
				CLANG_WARN_DEPRECATED_OBJC_IMPLEMENTATIONS = YES;
				CLANG_WARN_DIRECT_OBJC_ISA_USAGE = YES_ERROR;
				CLANG_WARN_DOCUMENTATION_COMMENTS = YES;
				CLANG_WARN_EMPTY_BODY = YES;
				CLANG_WARN_ENUM_CONVERSION = YES;
				CLANG_WARN_INFINITE_RECURSION = YES;
				CLANG_WARN_INT_CONVERSION = YES;
				CLANG_WARN_NON_LITERAL_NULL_CONVERSION = YES;
				CLANG_WARN_OBJC_IMPLICIT_RETAIN_SELF = YES;
				CLANG_WARN_OBJC_LITERAL_CONVERSION = YES;
				CLANG_WARN_OBJC_ROOT_CLASS = YES_ERROR;
				CLANG_WARN_QUOTED_INCLUDE_IN_FRAMEWORK_HEADER = YES;
				CLANG_WARN_RANGE_LOOP_ANALYSIS = YES;
				CLANG_WARN_STRICT_PROTOTYPES = YES;
				CLANG_WARN_SUSPICIOUS_MOVE = YES;
				CLANG_WARN_UNGUARDED_AVAILABILITY = YES_AGGRESSIVE;
				CLANG_WARN_UNREACHABLE_CODE = YES;
				CLANG_WARN__DUPLICATE_METHOD_MATCH = YES;
				COPY_PHASE_STRIP = NO;
				DEBUG_INFORMATION_FORMAT = "dwarf-with-dsym";
				ENABLE_NS_ASSERTIONS = NO;
				ENABLE_STRICT_OBJC_MSGSEND = YES;
				GCC_C_LANGUAGE_STANDARD = gnu11;
				GCC_NO_COMMON_BLOCKS = YES;
				GCC_WARN_64_TO_32_BIT_CONVERSION = YES;
				GCC_WARN_ABOUT_RETURN_TYPE = YES_ERROR;
				GCC_WARN_UNDECLARED_SELECTOR = YES;
				GCC_WARN_UNINITIALIZED_AUTOS = YES_AGGRESSIVE;
				GCC_WARN_UNUSED_FUNCTION = YES;
				GCC_WARN_UNUSED_VARIABLE = YES;
				IPHONEOS_DEPLOYMENT_TARGET = 15.5;
				MTL_ENABLE_DEBUG_INFO = NO;
				MTL_FAST_MATH = YES;
				SDKROOT = iphoneos;
				SWIFT_COMPILATION_MODE = wholemodule;
				SWIFT_OPTIMIZATION_LEVEL = "-O";
				VALIDATE_PRODUCT = YES;
			};
			name = Release;
		};
		476B26FF2BAD8B8C00E5A5A2 /* Debug */ = {
			isa = XCBuildConfiguration;
			baseConfigurationReference = 2A64BA825AFCC126EDDE1528 /* Pods-FilmlerApp.debug.xcconfig */;
			buildSettings = {
				ASSETCATALOG_COMPILER_APPICON_NAME = AppIcon;
				ASSETCATALOG_COMPILER_GLOBAL_ACCENT_COLOR_NAME = AccentColor;
				CLANG_ENABLE_MODULES = YES;
				CODE_SIGN_STYLE = Automatic;
				CURRENT_PROJECT_VERSION = 1;
				DEVELOPMENT_TEAM = VM33FHMWX5;
				GENERATE_INFOPLIST_FILE = YES;
				INFOPLIST_FILE = FilmlerApp/Info.plist;
				INFOPLIST_KEY_UIApplicationSupportsIndirectInputEvents = YES;
				INFOPLIST_KEY_UILaunchStoryboardName = LaunchScreen;
				INFOPLIST_KEY_UIMainStoryboardFile = Main;
				INFOPLIST_KEY_UISupportedInterfaceOrientations_iPad = "UIInterfaceOrientationPortrait UIInterfaceOrientationPortraitUpsideDown UIInterfaceOrientationLandscapeLeft UIInterfaceOrientationLandscapeRight";
				INFOPLIST_KEY_UISupportedInterfaceOrientations_iPhone = "UIInterfaceOrientationPortrait UIInterfaceOrientationLandscapeLeft UIInterfaceOrientationLandscapeRight";
				LD_RUNPATH_SEARCH_PATHS = (
					"$(inherited)",
					"@executable_path/Frameworks",
				);
				MARKETING_VERSION = 1.0;
				PRODUCT_BUNDLE_IDENTIFIER = com.yasemintok.FilmlerApp;
				PRODUCT_NAME = "$(TARGET_NAME)";
				SWIFT_EMIT_LOC_STRINGS = YES;
				SWIFT_OBJC_BRIDGING_HEADER = "FilmlerApp/FilmlerApp-Bridging-Header.h";
				SWIFT_OPTIMIZATION_LEVEL = "-Onone";
				SWIFT_VERSION = 5.0;
				TARGETED_DEVICE_FAMILY = "1,2";
			};
			name = Debug;
		};
		476B27002BAD8B8C00E5A5A2 /* Release */ = {
			isa = XCBuildConfiguration;
			baseConfigurationReference = 845960FC49FE95A4BA94E59A /* Pods-FilmlerApp.release.xcconfig */;
			buildSettings = {
				ASSETCATALOG_COMPILER_APPICON_NAME = AppIcon;
				ASSETCATALOG_COMPILER_GLOBAL_ACCENT_COLOR_NAME = AccentColor;
				CLANG_ENABLE_MODULES = YES;
				CODE_SIGN_STYLE = Automatic;
				CURRENT_PROJECT_VERSION = 1;
				DEVELOPMENT_TEAM = VM33FHMWX5;
				GENERATE_INFOPLIST_FILE = YES;
				INFOPLIST_FILE = FilmlerApp/Info.plist;
				INFOPLIST_KEY_UIApplicationSupportsIndirectInputEvents = YES;
				INFOPLIST_KEY_UILaunchStoryboardName = LaunchScreen;
				INFOPLIST_KEY_UIMainStoryboardFile = Main;
				INFOPLIST_KEY_UISupportedInterfaceOrientations_iPad = "UIInterfaceOrientationPortrait UIInterfaceOrientationPortraitUpsideDown UIInterfaceOrientationLandscapeLeft UIInterfaceOrientationLandscapeRight";
				INFOPLIST_KEY_UISupportedInterfaceOrientations_iPhone = "UIInterfaceOrientationPortrait UIInterfaceOrientationLandscapeLeft UIInterfaceOrientationLandscapeRight";
				LD_RUNPATH_SEARCH_PATHS = (
					"$(inherited)",
					"@executable_path/Frameworks",
				);
				MARKETING_VERSION = 1.0;
				PRODUCT_BUNDLE_IDENTIFIER = com.yasemintok.FilmlerApp;
				PRODUCT_NAME = "$(TARGET_NAME)";
				SWIFT_EMIT_LOC_STRINGS = YES;
				SWIFT_OBJC_BRIDGING_HEADER = "FilmlerApp/FilmlerApp-Bridging-Header.h";
				SWIFT_VERSION = 5.0;
				TARGETED_DEVICE_FAMILY = "1,2";
			};
			name = Release;
		};
/* End XCBuildConfiguration section */

/* Begin XCConfigurationList section */
		476B26E52BAD8B8900E5A5A2 /* Build configuration list for PBXProject "FilmlerApp" */ = {
			isa = XCConfigurationList;
			buildConfigurations = (
				476B26FC2BAD8B8C00E5A5A2 /* Debug */,
				476B26FD2BAD8B8C00E5A5A2 /* Release */,
			);
			defaultConfigurationIsVisible = 0;
			defaultConfigurationName = Release;
		};
		476B26FE2BAD8B8C00E5A5A2 /* Build configuration list for PBXNativeTarget "FilmlerApp" */ = {
			isa = XCConfigurationList;
			buildConfigurations = (
				476B26FF2BAD8B8C00E5A5A2 /* Debug */,
				476B27002BAD8B8C00E5A5A2 /* Release */,
			);
			defaultConfigurationIsVisible = 0;
			defaultConfigurationName = Release;
		};
/* End XCConfigurationList section */
	};
	rootObject = 476B26E22BAD8B8900E5A5A2 /* Project object */;
}
