// !$*UTF8*$!
{
	archiveVersion = 1;
	classes = {
	};
	objectVersion = 55;
	objects = {

/* Begin PBXBuildFile section */
		476B276D2BB067DB00E5A5A2 /* AppDelegate.swift in Sources */ = {isa = PBXBuildFile; fileRef = 476B276C2BB067DB00E5A5A2 /* AppDelegate.swift */; };
		476B276F2BB067DB00E5A5A2 /* SceneDelegate.swift in Sources */ = {isa = PBXBuildFile; fileRef = 476B276E2BB067DB00E5A5A2 /* SceneDelegate.swift */; };
		476B27712BB067DB00E5A5A2 /* Anasayfa.swift in Sources */ = {isa = PBXBuildFile; fileRef = 476B27702BB067DB00E5A5A2 /* Anasayfa.swift */; };
		476B27742BB067DB00E5A5A2 /* Main.storyboard in Resources */ = {isa = PBXBuildFile; fileRef = 476B27722BB067DB00E5A5A2 /* Main.storyboard */; };
		476B27762BB067E400E5A5A2 /* Assets.xcassets in Resources */ = {isa = PBXBuildFile; fileRef = 476B27752BB067E400E5A5A2 /* Assets.xcassets */; };
		476B27792BB067E400E5A5A2 /* LaunchScreen.storyboard in Resources */ = {isa = PBXBuildFile; fileRef = 476B27772BB067E400E5A5A2 /* LaunchScreen.storyboard */; };
		476B27872BB0A14A00E5A5A2 /* Tatlilar.swift in Sources */ = {isa = PBXBuildFile; fileRef = 476B27862BB0A14A00E5A5A2 /* Tatlilar.swift */; };
		476B278A2BB0A7A200E5A5A2 /* TatlilarHucre.swift in Sources */ = {isa = PBXBuildFile; fileRef = 476B27892BB0A7A200E5A5A2 /* TatlilarHucre.swift */; };
		476B278D2BB1937B00E5A5A2 /* Satisfy-Regular.ttf in Resources */ = {isa = PBXBuildFile; fileRef = 476B278C2BB1937B00E5A5A2 /* Satisfy-Regular.ttf */; };
/* End PBXBuildFile section */

/* Begin PBXFileReference section */
		476B27692BB067DB00E5A5A2 /* Odev6ListingInterface.app */ = {isa = PBXFileReference; explicitFileType = wrapper.application; includeInIndex = 0; path = Odev6ListingInterface.app; sourceTree = BUILT_PRODUCTS_DIR; };
		476B276C2BB067DB00E5A5A2 /* AppDelegate.swift */ = {isa = PBXFileReference; lastKnownFileType = sourcecode.swift; path = AppDelegate.swift; sourceTree = "<group>"; };
		476B276E2BB067DB00E5A5A2 /* SceneDelegate.swift */ = {isa = PBXFileReference; lastKnownFileType = sourcecode.swift; path = SceneDelegate.swift; sourceTree = "<group>"; };
		476B27702BB067DB00E5A5A2 /* Anasayfa.swift */ = {isa = PBXFileReference; lastKnownFileType = sourcecode.swift; path = Anasayfa.swift; sourceTree = "<group>"; };
		476B27732BB067DB00E5A5A2 /* Base */ = {isa = PBXFileReference; lastKnownFileType = file.storyboard; name = Base; path = Base.lproj/Main.storyboard; sourceTree = "<group>"; };
		476B27752BB067E400E5A5A2 /* Assets.xcassets */ = {isa = PBXFileReference; lastKnownFileType = folder.assetcatalog; path = Assets.xcassets; sourceTree = "<group>"; };
		476B27782BB067E400E5A5A2 /* Base */ = {isa = PBXFileReference; lastKnownFileType = file.storyboard; name = Base; path = Base.lproj/LaunchScreen.storyboard; sourceTree = "<group>"; };
		476B277A2BB067E400E5A5A2 /* Info.plist */ = {isa = PBXFileReference; lastKnownFileType = text.plist.xml; path = Info.plist; sourceTree = "<group>"; };
		476B27862BB0A14A00E5A5A2 /* Tatlilar.swift */ = {isa = PBXFileReference; lastKnownFileType = sourcecode.swift; path = Tatlilar.swift; sourceTree = "<group>"; };
		476B27892BB0A7A200E5A5A2 /* TatlilarHucre.swift */ = {isa = PBXFileReference; lastKnownFileType = sourcecode.swift; path = TatlilarHucre.swift; sourceTree = "<group>"; };
		476B278C2BB1937B00E5A5A2 /* Satisfy-Regular.ttf */ = {isa = PBXFileReference; lastKnownFileType = file; path = "Satisfy-Regular.ttf"; sourceTree = "<group>"; };
/* End PBXFileReference section */

/* Begin PBXFrameworksBuildPhase section */
		476B27662BB067DB00E5A5A2 /* Frameworks */ = {
			isa = PBXFrameworksBuildPhase;
			buildActionMask = 2147483647;
			files = (
			);
			runOnlyForDeploymentPostprocessing = 0;
		};
/* End PBXFrameworksBuildPhase section */

/* Begin PBXGroup section */
		476B27602BB067DB00E5A5A2 = {
			isa = PBXGroup;
			children = (
				476B276B2BB067DB00E5A5A2 /* Odev6ListingInterface */,
				476B276A2BB067DB00E5A5A2 /* Products */,
			);
			sourceTree = "<group>";
		};
		476B276A2BB067DB00E5A5A2 /* Products */ = {
			isa = PBXGroup;
			children = (
				476B27692BB067DB00E5A5A2 /* Odev6ListingInterface.app */,
			);
			name = Products;
			sourceTree = "<group>";
		};
		476B276B2BB067DB00E5A5A2 /* Odev6ListingInterface */ = {
			isa = PBXGroup;
			children = (
				476B278B2BB1936100E5A5A2 /* Fonts */,
				476B27842BB0778300E5A5A2 /* ui */,
				476B27802BB076D700E5A5A2 /* data */,
				476B276C2BB067DB00E5A5A2 /* AppDelegate.swift */,
				476B276E2BB067DB00E5A5A2 /* SceneDelegate.swift */,
				476B27722BB067DB00E5A5A2 /* Main.storyboard */,
				476B27752BB067E400E5A5A2 /* Assets.xcassets */,
				476B27772BB067E400E5A5A2 /* LaunchScreen.storyboard */,
				476B277A2BB067E400E5A5A2 /* Info.plist */,
			);
			path = Odev6ListingInterface;
			sourceTree = "<group>";
		};
		476B27802BB076D700E5A5A2 /* data */ = {
			isa = PBXGroup;
			children = (
				476B27812BB076DE00E5A5A2 /* entity */,
			);
			path = data;
			sourceTree = "<group>";
		};
		476B27812BB076DE00E5A5A2 /* entity */ = {
			isa = PBXGroup;
			children = (
				476B27862BB0A14A00E5A5A2 /* Tatlilar.swift */,
			);
			path = entity;
			sourceTree = "<group>";
		};
		476B27842BB0778300E5A5A2 /* ui */ = {
			isa = PBXGroup;
			children = (
				476B27882BB0A78400E5A5A2 /* collectionview */,
				476B27852BB0778C00E5A5A2 /* view */,
			);
			path = ui;
			sourceTree = "<group>";
		};
		476B27852BB0778C00E5A5A2 /* view */ = {
			isa = PBXGroup;
			children = (
				476B27702BB067DB00E5A5A2 /* Anasayfa.swift */,
			);
			path = view;
			sourceTree = "<group>";
		};
		476B27882BB0A78400E5A5A2 /* collectionview */ = {
			isa = PBXGroup;
			children = (
				476B27892BB0A7A200E5A5A2 /* TatlilarHucre.swift */,
			);
			path = collectionview;
			sourceTree = "<group>";
		};
		476B278B2BB1936100E5A5A2 /* Fonts */ = {
			isa = PBXGroup;
			children = (
				476B278C2BB1937B00E5A5A2 /* Satisfy-Regular.ttf */,
			);
			path = Fonts;
			sourceTree = "<group>";
		};
/* End PBXGroup section */

/* Begin PBXNativeTarget section */
		476B27682BB067DB00E5A5A2 /* Odev6ListingInterface */ = {
			isa = PBXNativeTarget;
			buildConfigurationList = 476B277D2BB067E400E5A5A2 /* Build configuration list for PBXNativeTarget "Odev6ListingInterface" */;
			buildPhases = (
				476B27652BB067DB00E5A5A2 /* Sources */,
				476B27662BB067DB00E5A5A2 /* Frameworks */,
				476B27672BB067DB00E5A5A2 /* Resources */,
			);
			buildRules = (
			);
			dependencies = (
			);
			name = Odev6ListingInterface;
			productName = Odev6ListingInterface;
			productReference = 476B27692BB067DB00E5A5A2 /* Odev6ListingInterface.app */;
			productType = "com.apple.product-type.application";
		};
/* End PBXNativeTarget section */

/* Begin PBXProject section */
		476B27612BB067DB00E5A5A2 /* Project object */ = {
			isa = PBXProject;
			attributes = {
				BuildIndependentTargetsInParallel = 1;
				LastSwiftUpdateCheck = 1340;
				LastUpgradeCheck = 1340;
				TargetAttributes = {
					476B27682BB067DB00E5A5A2 = {
						CreatedOnToolsVersion = 13.4.1;
					};
				};
			};
			buildConfigurationList = 476B27642BB067DB00E5A5A2 /* Build configuration list for PBXProject "Odev6ListingInterface" */;
			compatibilityVersion = "Xcode 13.0";
			developmentRegion = en;
			hasScannedForEncodings = 0;
			knownRegions = (
				en,
				Base,
			);
			mainGroup = 476B27602BB067DB00E5A5A2;
			productRefGroup = 476B276A2BB067DB00E5A5A2 /* Products */;
			projectDirPath = "";
			projectRoot = "";
			targets = (
				476B27682BB067DB00E5A5A2 /* Odev6ListingInterface */,
			);
		};
/* End PBXProject section */

/* Begin PBXResourcesBuildPhase section */
		476B27672BB067DB00E5A5A2 /* Resources */ = {
			isa = PBXResourcesBuildPhase;
			buildActionMask = 2147483647;
			files = (
				476B27792BB067E400E5A5A2 /* LaunchScreen.storyboard in Resources */,
				476B278D2BB1937B00E5A5A2 /* Satisfy-Regular.ttf in Resources */,
				476B27762BB067E400E5A5A2 /* Assets.xcassets in Resources */,
				476B27742BB067DB00E5A5A2 /* Main.storyboard in Resources */,
			);
			runOnlyForDeploymentPostprocessing = 0;
		};
/* End PBXResourcesBuildPhase section */

/* Begin PBXSourcesBuildPhase section */
		476B27652BB067DB00E5A5A2 /* Sources */ = {
			isa = PBXSourcesBuildPhase;
			buildActionMask = 2147483647;
			files = (
				476B27712BB067DB00E5A5A2 /* Anasayfa.swift in Sources */,
				476B276D2BB067DB00E5A5A2 /* AppDelegate.swift in Sources */,
				476B27872BB0A14A00E5A5A2 /* Tatlilar.swift in Sources */,
				476B276F2BB067DB00E5A5A2 /* SceneDelegate.swift in Sources */,
				476B278A2BB0A7A200E5A5A2 /* TatlilarHucre.swift in Sources */,
			);
			runOnlyForDeploymentPostprocessing = 0;
		};
/* End PBXSourcesBuildPhase section */

/* Begin PBXVariantGroup section */
		476B27722BB067DB00E5A5A2 /* Main.storyboard */ = {
			isa = PBXVariantGroup;
			children = (
				476B27732BB067DB00E5A5A2 /* Base */,
			);
			name = Main.storyboard;
			sourceTree = "<group>";
		};
		476B27772BB067E400E5A5A2 /* LaunchScreen.storyboard */ = {
			isa = PBXVariantGroup;
			children = (
				476B27782BB067E400E5A5A2 /* Base */,
			);
			name = LaunchScreen.storyboard;
			sourceTree = "<group>";
		};
/* End PBXVariantGroup section */

/* Begin XCBuildConfiguration section */
		476B277B2BB067E400E5A5A2 /* Debug */ = {
			isa = XCBuildConfiguration;
			buildSettings = {
				ALWAYS_SEARCH_USER_PATHS = NO;
				CLANG_ANALYZER_NONNULL = YES;
				CLANG_ANALYZER_NUMBER_OBJECT_CONVERSION = YES_AGGRESSIVE;
				CLANG_CXX_LANGUAGE_STANDARD = "gnu++17";
				CLANG_ENABLE_MODULES = YES;
				CLANG_ENABLE_OBJC_ARC = YES;
				CLANG_ENABLE_OBJC_WEAK = YES;
				CLANG_WARN_BLOCK_CAPTURE_AUTORELEASING = YES;
				CLANG_WARN_BOOL_CONVERSION = YES;
				CLANG_WARN_COMMA = YES;
				CLANG_WARN_CONSTANT_CONVERSION = YES;
				CLANG_WARN_DEPRECATED_OBJC_IMPLEMENTATIONS = YES;
				CLANG_WARN_DIRECT_OBJC_ISA_USAGE = YES_ERROR;
				CLANG_WARN_DOCUMENTATION_COMMENTS = YES;
				CLANG_WARN_EMPTY_BODY = YES;
				CLANG_WARN_ENUM_CONVERSION = YES;
				CLANG_WARN_INFINITE_RECURSION = YES;
				CLANG_WARN_INT_CONVERSION = YES;
				CLANG_WARN_NON_LITERAL_NULL_CONVERSION = YES;
				CLANG_WARN_OBJC_IMPLICIT_RETAIN_SELF = YES;
				CLANG_WARN_OBJC_LITERAL_CONVERSION = YES;
				CLANG_WARN_OBJC_ROOT_CLASS = YES_ERROR;
				CLANG_WARN_QUOTED_INCLUDE_IN_FRAMEWORK_HEADER = YES;
				CLANG_WARN_RANGE_LOOP_ANALYSIS = YES;
				CLANG_WARN_STRICT_PROTOTYPES = YES;
				CLANG_WARN_SUSPICIOUS_MOVE = YES;
				CLANG_WARN_UNGUARDED_AVAILABILITY = YES_AGGRESSIVE;
				CLANG_WARN_UNREACHABLE_CODE = YES;
				CLANG_WARN__DUPLICATE_METHOD_MATCH = YES;
				COPY_PHASE_STRIP = NO;
				DEBUG_INFORMATION_FORMAT = dwarf;
				ENABLE_STRICT_OBJC_MSGSEND = YES;
				ENABLE_TESTABILITY = YES;
				GCC_C_LANGUAGE_STANDARD = gnu11;
				GCC_DYNAMIC_NO_PIC = NO;
				GCC_NO_COMMON_BLOCKS = YES;
				GCC_OPTIMIZATION_LEVEL = 0;
				GCC_PREPROCESSOR_DEFINITIONS = (
					"DEBUG=1",
					"$(inherited)",
				);
				GCC_WARN_64_TO_32_BIT_CONVERSION = YES;
				GCC_WARN_ABOUT_RETURN_TYPE = YES_ERROR;
				GCC_WARN_UNDECLARED_SELECTOR = YES;
				GCC_WARN_UNINITIALIZED_AUTOS = YES_AGGRESSIVE;
				GCC_WARN_UNUSED_FUNCTION = YES;
				GCC_WARN_UNUSED_VARIABLE = YES;
				IPHONEOS_DEPLOYMENT_TARGET = 15.5;
				MTL_ENABLE_DEBUG_INFO = INCLUDE_SOURCE;
				MTL_FAST_MATH = YES;
				ONLY_ACTIVE_ARCH = YES;
				SDKROOT = iphoneos;
				SWIFT_ACTIVE_COMPILATION_CONDITIONS = DEBUG;
				SWIFT_OPTIMIZATION_LEVEL = "-Onone";
			};
			name = Debug;
		};
		476B277C2BB067E400E5A5A2 /* Release */ = {
			isa = XCBuildConfiguration;
			buildSettings = {
				ALWAYS_SEARCH_USER_PATHS = NO;
				CLANG_ANALYZER_NONNULL = YES;
				CLANG_ANALYZER_NUMBER_OBJECT_CONVERSION = YES_AGGRESSIVE;
				CLANG_CXX_LANGUAGE_STANDARD = "gnu++17";
				CLANG_ENABLE_MODULES = YES;
				CLANG_ENABLE_OBJC_ARC = YES;
				CLANG_ENABLE_OBJC_WEAK = YES;
				CLANG_WARN_BLOCK_CAPTURE_AUTORELEASING = YES;
				CLANG_WARN_BOOL_CONVERSION = YES;
				CLANG_WARN_COMMA = YES;
				CLANG_WARN_CONSTANT_CONVERSION = YES;
				CLANG_WARN_DEPRECATED_OBJC_IMPLEMENTATIONS = YES;
				CLANG_WARN_DIRECT_OBJC_ISA_USAGE = YES_ERROR;
				CLANG_WARN_DOCUMENTATION_COMMENTS = YES;
				CLANG_WARN_EMPTY_BODY = YES;
				CLANG_WARN_ENUM_CONVERSION = YES;
				CLANG_WARN_INFINITE_RECURSION = YES;
				CLANG_WARN_INT_CONVERSION = YES;
				CLANG_WARN_NON_LITERAL_NULL_CONVERSION = YES;
				CLANG_WARN_OBJC_IMPLICIT_RETAIN_SELF = YES;
				CLANG_WARN_OBJC_LITERAL_CONVERSION = YES;
				CLANG_WARN_OBJC_ROOT_CLASS = YES_ERROR;
				CLANG_WARN_QUOTED_INCLUDE_IN_FRAMEWORK_HEADER = YES;
				CLANG_WARN_RANGE_LOOP_ANALYSIS = YES;
				CLANG_WARN_STRICT_PROTOTYPES = YES;
				CLANG_WARN_SUSPICIOUS_MOVE = YES;
				CLANG_WARN_UNGUARDED_AVAILABILITY = YES_AGGRESSIVE;
				CLANG_WARN_UNREACHABLE_CODE = YES;
				CLANG_WARN__DUPLICATE_METHOD_MATCH = YES;
				COPY_PHASE_STRIP = NO;
				DEBUG_INFORMATION_FORMAT = "dwarf-with-dsym";
				ENABLE_NS_ASSERTIONS = NO;
				ENABLE_STRICT_OBJC_MSGSEND = YES;
				GCC_C_LANGUAGE_STANDARD = gnu11;
				GCC_NO_COMMON_BLOCKS = YES;
				GCC_WARN_64_TO_32_BIT_CONVERSION = YES;
				GCC_WARN_ABOUT_RETURN_TYPE = YES_ERROR;
				GCC_WARN_UNDECLARED_SELECTOR = YES;
				GCC_WARN_UNINITIALIZED_AUTOS = YES_AGGRESSIVE;
				GCC_WARN_UNUSED_FUNCTION = YES;
				GCC_WARN_UNUSED_VARIABLE = YES;
				IPHONEOS_DEPLOYMENT_TARGET = 15.5;
				MTL_ENABLE_DEBUG_INFO = NO;
				MTL_FAST_MATH = YES;
				SDKROOT = iphoneos;
				SWIFT_COMPILATION_MODE = wholemodule;
				SWIFT_OPTIMIZATION_LEVEL = "-O";
				VALIDATE_PRODUCT = YES;
			};
			name = Release;
		};
		476B277E2BB067E400E5A5A2 /* Debug */ = {
			isa = XCBuildConfiguration;
			buildSettings = {
				ASSETCATALOG_COMPILER_APPICON_NAME = AppIcon;
				ASSETCATALOG_COMPILER_GLOBAL_ACCENT_COLOR_NAME = AccentColor;
				CODE_SIGN_STYLE = Automatic;
				CURRENT_PROJECT_VERSION = 1;
				DEVELOPMENT_TEAM = VM33FHMWX5;
				GENERATE_INFOPLIST_FILE = YES;
				INFOPLIST_FILE = Odev6ListingInterface/Info.plist;
				INFOPLIST_KEY_UIApplicationSupportsIndirectInputEvents = YES;
				INFOPLIST_KEY_UILaunchStoryboardName = LaunchScreen;
				INFOPLIST_KEY_UIMainStoryboardFile = Main;
				INFOPLIST_KEY_UISupportedInterfaceOrientations_iPad = "UIInterfaceOrientationPortrait UIInterfaceOrientationPortraitUpsideDown UIInterfaceOrientationLandscapeLeft UIInterfaceOrientationLandscapeRight";
				INFOPLIST_KEY_UISupportedInterfaceOrientations_iPhone = "UIInterfaceOrientationPortrait UIInterfaceOrientationLandscapeLeft UIInterfaceOrientationLandscapeRight";
				LD_RUNPATH_SEARCH_PATHS = (
					"$(inherited)",
					"@executable_path/Frameworks",
				);
				MARKETING_VERSION = 1.0;
				PRODUCT_BUNDLE_IDENTIFIER = com.yasemintok.Odev6ListingInterface;
				PRODUCT_NAME = "$(TARGET_NAME)";
				SWIFT_EMIT_LOC_STRINGS = YES;
				SWIFT_VERSION = 5.0;
				TARGETED_DEVICE_FAMILY = "1,2";
			};
			name = Debug;
		};
		476B277F2BB067E400E5A5A2 /* Release */ = {
			isa = XCBuildConfiguration;
			buildSettings = {
				ASSETCATALOG_COMPILER_APPICON_NAME = AppIcon;
				ASSETCATALOG_COMPILER_GLOBAL_ACCENT_COLOR_NAME = AccentColor;
				CODE_SIGN_STYLE = Automatic;
				CURRENT_PROJECT_VERSION = 1;
				DEVELOPMENT_TEAM = VM33FHMWX5;
				GENERATE_INFOPLIST_FILE = YES;
				INFOPLIST_FILE = Odev6ListingInterface/Info.plist;
				INFOPLIST_KEY_UIApplicationSupportsIndirectInputEvents = YES;
				INFOPLIST_KEY_UILaunchStoryboardName = LaunchScreen;
				INFOPLIST_KEY_UIMainStoryboardFile = Main;
				INFOPLIST_KEY_UISupportedInterfaceOrientations_iPad = "UIInterfaceOrientationPortrait UIInterfaceOrientationPortraitUpsideDown UIInterfaceOrientationLandscapeLeft UIInterfaceOrientationLandscapeRight";
				INFOPLIST_KEY_UISupportedInterfaceOrientations_iPhone = "UIInterfaceOrientationPortrait UIInterfaceOrientationLandscapeLeft UIInterfaceOrientationLandscapeRight";
				LD_RUNPATH_SEARCH_PATHS = (
					"$(inherited)",
					"@executable_path/Frameworks",
				);
				MARKETING_VERSION = 1.0;
				PRODUCT_BUNDLE_IDENTIFIER = com.yasemintok.Odev6ListingInterface;
				PRODUCT_NAME = "$(TARGET_NAME)";
				SWIFT_EMIT_LOC_STRINGS = YES;
				SWIFT_VERSION = 5.0;
				TARGETED_DEVICE_FAMILY = "1,2";
			};
			name = Release;
		};
/* End XCBuildConfiguration section */

/* Begin XCConfigurationList section */
		476B27642BB067DB00E5A5A2 /* Build configuration list for PBXProject "Odev6ListingInterface" */ = {
			isa = XCConfigurationList;
			buildConfigurations = (
				476B277B2BB067E400E5A5A2 /* Debug */,
				476B277C2BB067E400E5A5A2 /* Release */,
			);
			defaultConfigurationIsVisible = 0;
			defaultConfigurationName = Release;
		};
		476B277D2BB067E400E5A5A2 /* Build configuration list for PBXNativeTarget "Odev6ListingInterface" */ = {
			isa = XCConfigurationList;
			buildConfigurations = (
				476B277E2BB067E400E5A5A2 /* Debug */,
				476B277F2BB067E400E5A5A2 /* Release */,
			);
			defaultConfigurationIsVisible = 0;
			defaultConfigurationName = Release;
		};
/* End XCConfigurationList section */
	};
	rootObject = 476B27612BB067DB00E5A5A2 /* Project object */;
}
