{
  "pins" : [
    {
      "identity" : "kingfisher",
      "kind" : "remoteSourceControl",
      "location" : "https://github.com/onevcat/Kingfisher.git",
      "state" : {
        "branch" : "master",
        "revision" : "cfca8f8b9b654679908264d488fe8761e1571e22"
      }
    }
  ],
  "version" : 2
}
